
Microsoft Visual Studio Solution File, Format Version 12.00
# Visual Studio Version 17
VisualStudioVersion = 17.0.31903.59
MinimumVisualStudioVersion = 10.0.40219.1
Project("{FAE04EC0-301F-11D3-BF4B-00C04F79EFBC}") = "PrimeService", "PrimeService\PrimeService.csproj", "{49A72D76-3D0C-4C0A-813A-68CB3D00D7B3}"
EndProject
Project("{FAE04EC0-301F-11D3-BF4B-00C04F79EFBC}") = "PrimeService.Tests", "PrimeService.Tests\PrimeService.Tests.csproj", "{C3F831D1-6C1B-47CB-93B0-302F16A2DF36}"
EndProject
Global
	GlobalSection(SolutionConfigurationPlatforms) = preSolution
		Debug|Any CPU = Debug|Any CPU
		Release|Any CPU = Release|Any CPU
	EndGlobalSection
	GlobalSection(SolutionProperties) = preSolution
		HideSolutionNode = FALSE
	EndGlobalSection
	GlobalSection(ProjectConfigurationPlatforms) = postSolution
		{49A72D76-3D0C-4C0A-813A-68CB3D00D7B3}.Debug|Any CPU.ActiveCfg = Debug|Any CPU
		{49A72D76-3D0C-4C0A-813A-68CB3D00D7B3}.Debug|Any CPU.Build.0 = Debug|Any CPU
		{49A72D76-3D0C-4C0A-813A-68CB3D00D7B3}.Release|Any CPU.ActiveCfg = Release|Any CPU
		{49A72D76-3D0C-4C0A-813A-68CB3D00D7B3}.Release|Any CPU.Build.0 = Release|Any CPU
		{C3F831D1-6C1B-47CB-93B0-302F16A2DF36}.Debug|Any CPU.ActiveCfg = Debug|Any CPU
		{C3F831D1-6C1B-47CB-93B0-302F16A2DF36}.Debug|Any CPU.Build.0 = Debug|Any CPU
		{C3F831D1-6C1B-47CB-93B0-302F16A2DF36}.Release|Any CPU.ActiveCfg = Release|Any CPU
		{C3F831D1-6C1B-47CB-93B0-302F16A2DF36}.Release|Any CPU.Build.0 = Release|Any CPU
	EndGlobalSection
EndGlobal
