
Microsoft Visual Studio Solution File, Format Version 12.00
# Visual Studio Version 17
VisualStudioVersion = 17.0.31903.59
MinimumVisualStudioVersion = 10.0.40219.1
Project("{FAE04EC0-301F-11D3-BF4B-00C04F79EFBC}") = "PrimeService", "PrimeService\PrimeService.csproj", "{57EB84AA-B74E-4209-B3AC-15D6D6B86C29}"
EndProject
Project("{FAE04EC0-301F-11D3-BF4B-00C04F79EFBC}") = "PrimeService.Tests", "PrimeService.Tests\PrimeService.Tests.csproj", "{628A5A88-2312-410D-85DC-854DC6D33A33}"
EndProject
Global
	GlobalSection(SolutionConfigurationPlatforms) = preSolution
		Debug|Any CPU = Debug|Any CPU
		Release|Any CPU = Release|Any CPU
	EndGlobalSection
	GlobalSection(SolutionProperties) = preSolution
		HideSolutionNode = FALSE
	EndGlobalSection
	GlobalSection(ProjectConfigurationPlatforms) = postSolution
		{57EB84AA-B74E-4209-B3AC-15D6D6B86C29}.Debug|Any CPU.ActiveCfg = Debug|Any CPU
		{57EB84AA-B74E-4209-B3AC-15D6D6B86C29}.Debug|Any CPU.Build.0 = Debug|Any CPU
		{57EB84AA-B74E-4209-B3AC-15D6D6B86C29}.Release|Any CPU.ActiveCfg = Release|Any CPU
		{57EB84AA-B74E-4209-B3AC-15D6D6B86C29}.Release|Any CPU.Build.0 = Release|Any CPU
		{628A5A88-2312-410D-85DC-854DC6D33A33}.Debug|Any CPU.ActiveCfg = Debug|Any CPU
		{628A5A88-2312-410D-85DC-854DC6D33A33}.Debug|Any CPU.Build.0 = Debug|Any CPU
		{628A5A88-2312-410D-85DC-854DC6D33A33}.Release|Any CPU.ActiveCfg = Release|Any CPU
		{628A5A88-2312-410D-85DC-854DC6D33A33}.Release|Any CPU.Build.0 = Release|Any CPU
	EndGlobalSection
EndGlobal
